{
  "name": "eventemitterdemo",
  "version": "1.0.0",
  "lockfileVersion": 1,
  "requires": true,
  "dependencies": {
    "sleep-ms": {
      "version": "2.0.1",
      "resolved": "https://registry.npmjs.org/sleep-ms/-/sleep-ms-2.0.1.tgz",
      "integrity": "sha1-PK28TG+15YfAxOJfdoXL8ON5Dbg=",
      "dev": true
    }
  }
}
